
Microsoft Visual Studio Solution File, Format Version 12.00
# Visual Studio Version 16
VisualStudioVersion = 16.0.29911.84
MinimumVisualStudioVersion = 10.0.40219.1
Project("{2150E333-8FDC-42A3-9474-1A3956D46DE8}") = "src", "src", "{8CBF79BE-D62D-4064-B06C-73AD4B07EDB0}"
EndProject
Project("{2150E333-8FDC-42A3-9474-1A3956D46DE8}") = "services", "services", "{404E9D5F-10DA-4AB1-89EB-FE1F559341AC}"
EndProject
Project("{2150E333-8FDC-42A3-9474-1A3956D46DE8}") = "web", "web", "{48CE408C-D7CB-4A9A-931D-677E00A2B0BB}"
EndProject
Project("{9A19103F-16F7-4668-BE54-9A1E7A4F7556}") = "ProductCatalogApi", "ProductCatalogApi\ProductCatalogApi.csproj", "{81B24B1F-FFA6-4FDE-A00C-D27BF41328B0}"
EndProject
Project("{E53339B2-1760-4266-BCC7-CA923CBCF16C}") = "docker-compose", "docker-compose.dcproj", "{C4010BAF-6CF9-49C1-AC27-E0A2442E71B1}"
EndProject
Project("{9A19103F-16F7-4668-BE54-9A1E7A4F7556}") = "WebMVC", "WebMVC\WebMVC.csproj", "{A7DD6A04-E09A-4702-9294-60CC5420832F}"
EndProject
Project("{9A19103F-16F7-4668-BE54-9A1E7A4F7556}") = "CartApi", "CartApi\CartApi.csproj", "{42C82823-A1E0-4E8D-B253-E0ED9455B8BF}"
EndProject
Project("{9A19103F-16F7-4668-BE54-9A1E7A4F7556}") = "OrderApi", "OrderApi\OrderApi.csproj", "{032642D6-F151-42E9-9B66-4E124E1BD89B}"
EndProject
Project("{9A19103F-16F7-4668-BE54-9A1E7A4F7556}") = "TokenServiceApi", "TokenServiceApi\TokenServiceApi.csproj", "{97261C05-F421-4D4F-A3BE-6061BB62E413}"
EndProject
Global
	GlobalSection(SolutionConfigurationPlatforms) = preSolution
		Debug|Any CPU = Debug|Any CPU
		Release|Any CPU = Release|Any CPU
	EndGlobalSection
	GlobalSection(ProjectConfigurationPlatforms) = postSolution
		{81B24B1F-FFA6-4FDE-A00C-D27BF41328B0}.Debug|Any CPU.ActiveCfg = Debug|Any CPU
		{81B24B1F-FFA6-4FDE-A00C-D27BF41328B0}.Debug|Any CPU.Build.0 = Debug|Any CPU
		{81B24B1F-FFA6-4FDE-A00C-D27BF41328B0}.Release|Any CPU.ActiveCfg = Release|Any CPU
		{81B24B1F-FFA6-4FDE-A00C-D27BF41328B0}.Release|Any CPU.Build.0 = Release|Any CPU
		{C4010BAF-6CF9-49C1-AC27-E0A2442E71B1}.Debug|Any CPU.ActiveCfg = Debug|Any CPU
		{C4010BAF-6CF9-49C1-AC27-E0A2442E71B1}.Debug|Any CPU.Build.0 = Debug|Any CPU
		{C4010BAF-6CF9-49C1-AC27-E0A2442E71B1}.Release|Any CPU.ActiveCfg = Release|Any CPU
		{C4010BAF-6CF9-49C1-AC27-E0A2442E71B1}.Release|Any CPU.Build.0 = Release|Any CPU
		{A7DD6A04-E09A-4702-9294-60CC5420832F}.Debug|Any CPU.ActiveCfg = Debug|Any CPU
		{A7DD6A04-E09A-4702-9294-60CC5420832F}.Debug|Any CPU.Build.0 = Debug|Any CPU
		{A7DD6A04-E09A-4702-9294-60CC5420832F}.Release|Any CPU.ActiveCfg = Release|Any CPU
		{A7DD6A04-E09A-4702-9294-60CC5420832F}.Release|Any CPU.Build.0 = Release|Any CPU
		{42C82823-A1E0-4E8D-B253-E0ED9455B8BF}.Debug|Any CPU.ActiveCfg = Debug|Any CPU
		{42C82823-A1E0-4E8D-B253-E0ED9455B8BF}.Debug|Any CPU.Build.0 = Debug|Any CPU
		{42C82823-A1E0-4E8D-B253-E0ED9455B8BF}.Release|Any CPU.ActiveCfg = Release|Any CPU
		{42C82823-A1E0-4E8D-B253-E0ED9455B8BF}.Release|Any CPU.Build.0 = Release|Any CPU
		{032642D6-F151-42E9-9B66-4E124E1BD89B}.Debug|Any CPU.ActiveCfg = Debug|Any CPU
		{032642D6-F151-42E9-9B66-4E124E1BD89B}.Debug|Any CPU.Build.0 = Debug|Any CPU
		{032642D6-F151-42E9-9B66-4E124E1BD89B}.Release|Any CPU.ActiveCfg = Release|Any CPU
		{032642D6-F151-42E9-9B66-4E124E1BD89B}.Release|Any CPU.Build.0 = Release|Any CPU
		{97261C05-F421-4D4F-A3BE-6061BB62E413}.Debug|Any CPU.ActiveCfg = Debug|Any CPU
		{97261C05-F421-4D4F-A3BE-6061BB62E413}.Debug|Any CPU.Build.0 = Debug|Any CPU
		{97261C05-F421-4D4F-A3BE-6061BB62E413}.Release|Any CPU.ActiveCfg = Release|Any CPU
		{97261C05-F421-4D4F-A3BE-6061BB62E413}.Release|Any CPU.Build.0 = Release|Any CPU
	EndGlobalSection
	GlobalSection(SolutionProperties) = preSolution
		HideSolutionNode = FALSE
	EndGlobalSection
	GlobalSection(NestedProjects) = preSolution
		{404E9D5F-10DA-4AB1-89EB-FE1F559341AC} = {8CBF79BE-D62D-4064-B06C-73AD4B07EDB0}
		{48CE408C-D7CB-4A9A-931D-677E00A2B0BB} = {8CBF79BE-D62D-4064-B06C-73AD4B07EDB0}
		{81B24B1F-FFA6-4FDE-A00C-D27BF41328B0} = {404E9D5F-10DA-4AB1-89EB-FE1F559341AC}
		{A7DD6A04-E09A-4702-9294-60CC5420832F} = {48CE408C-D7CB-4A9A-931D-677E00A2B0BB}
		{42C82823-A1E0-4E8D-B253-E0ED9455B8BF} = {404E9D5F-10DA-4AB1-89EB-FE1F559341AC}
		{032642D6-F151-42E9-9B66-4E124E1BD89B} = {404E9D5F-10DA-4AB1-89EB-FE1F559341AC}
		{97261C05-F421-4D4F-A3BE-6061BB62E413} = {404E9D5F-10DA-4AB1-89EB-FE1F559341AC}
	EndGlobalSection
	GlobalSection(ExtensibilityGlobals) = postSolution
		SolutionGuid = {AA6D26D5-7752-429B-8D29-12D368244497}
	EndGlobalSection
EndGlobal
